{
  "version": 4,
  "terraform_version": "1.3.4",
  "serial": 46,
  "lineage": "26e02ca6-1da3-2338-3caf-4d13ec1c8870",
  "outputs": {},
  "resources": [
    {
      "mode": "managed",
      "type": "azurerm_linux_virtual_machine",
      "name": "vm1",
      "provider": "provider[\"registry.terraform.io/hashicorp/azurerm\"]",
      "instances": [
        {
          "schema_version": 0,
          "attributes": {
            "additional_capabilities": [],
            "admin_password": null,
            "admin_ssh_key": [
              {
                "public_key": "ssh-rsa AAAAB3NzaC1yc2EAAAADAQABAAABgQCwGVMAAKtUMA920oCwAzEKuTqxQF22EvEqkVuVF0Arc1aSXljjw3aQj3XpPFthryYikS1Aqt6yv/7aOFBIzW3SWz64VqqCMeYY4oJ4bOXuhsZ1yGeGpD1ow/58NB6ke+8uNjbMbqKT+0QI99XZTxn7AhDcydAGqdO/jjkUbE+VUC/mCxKCLbWHEJozNvASd+Gw1tKvC6vxMCHbEKa/ltsOfEbNnaVyha5VunfG1krDXfBtarbAMfkaxJcWJjaaElFge6n78GSuble3VPYDddiFJ9cg6oHCDkrDVRGnf+YYOAsDtfP5PH6MNvy0wmuC+bPbbiz2/bgHs4l2jIB2LNHeJDHjSvFS8+jF5+UwjKhjF8QLU49KvC5y/8z1s98cbA4BbPWwqo0Veiqv8H+Pa3uB4QrRsMfCXBmnP5SXin+7qtXtzKuSXEAwGVsu/647QxYSTcRHV56XS6s6HNRCW76jttNEseBqroKKZXvAOVRTPW27lR76c6zK8B/v70qWixk= anto@DESKTOP-31MSIOU\n",
                "username": "tp2"
              }
            ],
            "admin_username": "tp2",
            "allow_extension_operations": true,
            "availability_set_id": "",
            "boot_diagnostics": [],
            "computer_name": "instance-1",
            "custom_data": null,
            "dedicated_host_group_id": "",
            "dedicated_host_id": "",
            "disable_password_authentication": true,
            "edge_zone": "",
            "encryption_at_host_enabled": false,
            "eviction_policy": "",
            "extensions_time_budget": "PT1H30M",
            "id": "/subscriptions/9432f4f4-b485-4f38-ab19-4fa4614c3995/resourceGroups/arg-resources/providers/Microsoft.Compute/virtualMachines/instance-1",
            "identity": [],
            "license_type": "",
            "location": "francecentral",
            "max_bid_price": -1,
            "name": "instance-1",
            "network_interface_ids": [
              "/subscriptions/9432f4f4-b485-4f38-ab19-4fa4614c3995/resourceGroups/arg-resources/providers/Microsoft.Network/networkInterfaces/int1-nic"
            ],
            "os_disk": [
              {
                "caching": "ReadWrite",
                "diff_disk_settings": [],
                "disk_encryption_set_id": "",
                "disk_size_gb": 30,
                "name": "instance-1_OsDisk_1_a1f0cc6e1d0042bcb9ba1990ab9b58c3",
                "storage_account_type": "Standard_LRS",
                "write_accelerator_enabled": false
              }
            ],
            "patch_mode": "ImageDefault",
            "plan": [],
            "platform_fault_domain": -1,
            "priority": "Regular",
            "private_ip_address": "10.0.1.4",
            "private_ip_addresses": [
              "10.0.1.4"
            ],
            "provision_vm_agent": true,
            "proximity_placement_group_id": "",
            "public_ip_address": "",
            "public_ip_addresses": [],
            "resource_group_name": "arg-resources",
            "secret": [],
            "secure_boot_enabled": false,
            "size": "Standard_B1ls",
            "source_image_id": "",
            "source_image_reference": [
              {
                "offer": "0001-com-ubuntu-server-focal",
                "publisher": "Canonical",
                "sku": "20_04-lts-gen2",
                "version": "latest"
              }
            ],
            "tags": {},
            "termination_notification": [],
            "timeouts": null,
            "user_data": "",
            "virtual_machine_id": "2f8fef16-979e-410a-8aeb-6157428342ba",
            "virtual_machine_scale_set_id": "",
            "vtpm_enabled": false,
            "zone": ""
          },
          "sensitive_attributes": [],
          "private": "eyJlMmJmYjczMC1lY2FhLTExZTYtOGY4OC0zNDM2M2JjN2M0YzAiOnsiY3JlYXRlIjoyNzAwMDAwMDAwMDAwLCJkZWxldGUiOjI3MDAwMDAwMDAwMDAsInJlYWQiOjMwMDAwMDAwMDAwMCwidXBkYXRlIjoyNzAwMDAwMDAwMDAwfX0=",
          "dependencies": [
            "azurerm_network_interface.vmNic1",
            "azurerm_public_ip.aip1",
            "azurerm_resource_group.arg",
            "azurerm_subnet.as1",
            "azurerm_virtual_network.vpc1"
          ]
        }
      ]
    },
    {
      "mode": "managed",
      "type": "azurerm_linux_virtual_machine",
      "name": "vm2",
      "provider": "provider[\"registry.terraform.io/hashicorp/azurerm\"]",
      "instances": [
        {
          "schema_version": 0,
          "attributes": {
            "additional_capabilities": [],
            "admin_password": null,
            "admin_ssh_key": [
              {
                "public_key": "ssh-rsa AAAAB3NzaC1yc2EAAAADAQABAAABgQCwGVMAAKtUMA920oCwAzEKuTqxQF22EvEqkVuVF0Arc1aSXljjw3aQj3XpPFthryYikS1Aqt6yv/7aOFBIzW3SWz64VqqCMeYY4oJ4bOXuhsZ1yGeGpD1ow/58NB6ke+8uNjbMbqKT+0QI99XZTxn7AhDcydAGqdO/jjkUbE+VUC/mCxKCLbWHEJozNvASd+Gw1tKvC6vxMCHbEKa/ltsOfEbNnaVyha5VunfG1krDXfBtarbAMfkaxJcWJjaaElFge6n78GSuble3VPYDddiFJ9cg6oHCDkrDVRGnf+YYOAsDtfP5PH6MNvy0wmuC+bPbbiz2/bgHs4l2jIB2LNHeJDHjSvFS8+jF5+UwjKhjF8QLU49KvC5y/8z1s98cbA4BbPWwqo0Veiqv8H+Pa3uB4QrRsMfCXBmnP5SXin+7qtXtzKuSXEAwGVsu/647QxYSTcRHV56XS6s6HNRCW76jttNEseBqroKKZXvAOVRTPW27lR76c6zK8B/v70qWixk= anto@DESKTOP-31MSIOU\n",
                "username": "tp2"
              }
            ],
            "admin_username": "tp2",
            "allow_extension_operations": true,
            "availability_set_id": "",
            "boot_diagnostics": [],
            "computer_name": "instance-2",
            "custom_data": null,
            "dedicated_host_group_id": "",
            "dedicated_host_id": "",
            "disable_password_authentication": true,
            "edge_zone": "",
            "encryption_at_host_enabled": false,
            "eviction_policy": "",
            "extensions_time_budget": "PT1H30M",
            "id": "/subscriptions/9432f4f4-b485-4f38-ab19-4fa4614c3995/resourceGroups/arg-resources/providers/Microsoft.Compute/virtualMachines/instance-2",
            "identity": [],
            "license_type": "",
            "location": "francecentral",
            "max_bid_price": -1,
            "name": "instance-2",
            "network_interface_ids": [
              "/subscriptions/9432f4f4-b485-4f38-ab19-4fa4614c3995/resourceGroups/arg-resources/providers/Microsoft.Network/networkInterfaces/int2-nic"
            ],
            "os_disk": [
              {
                "caching": "ReadWrite",
                "diff_disk_settings": [],
                "disk_encryption_set_id": "",
                "disk_size_gb": 30,
                "name": "instance-2_OsDisk_1_9daf1aec2a7b4a579634f583660f2960",
                "storage_account_type": "Standard_LRS",
                "write_accelerator_enabled": false
              }
            ],
            "patch_mode": "ImageDefault",
            "plan": [],
            "platform_fault_domain": -1,
            "priority": "Regular",
            "private_ip_address": "10.0.1.5",
            "private_ip_addresses": [
              "10.0.1.5"
            ],
            "provision_vm_agent": true,
            "proximity_placement_group_id": "",
            "public_ip_address": "",
            "public_ip_addresses": [],
            "resource_group_name": "arg-resources",
            "secret": [],
            "secure_boot_enabled": false,
            "size": "Standard_B1ls",
            "source_image_id": "",
            "source_image_reference": [
              {
                "offer": "0001-com-ubuntu-server-focal",
                "publisher": "Canonical",
                "sku": "20_04-lts-gen2",
                "version": "latest"
              }
            ],
            "tags": {},
            "termination_notification": [],
            "timeouts": null,
            "user_data": "",
            "virtual_machine_id": "97aa2967-5613-4f76-a486-eaf3698fc874",
            "virtual_machine_scale_set_id": "",
            "vtpm_enabled": false,
            "zone": ""
          },
          "sensitive_attributes": [],
          "private": "eyJlMmJmYjczMC1lY2FhLTExZTYtOGY4OC0zNDM2M2JjN2M0YzAiOnsiY3JlYXRlIjoyNzAwMDAwMDAwMDAwLCJkZWxldGUiOjI3MDAwMDAwMDAwMDAsInJlYWQiOjMwMDAwMDAwMDAwMCwidXBkYXRlIjoyNzAwMDAwMDAwMDAwfX0=",
          "dependencies": [
            "azurerm_network_interface.vmNic2",
            "azurerm_public_ip.aip2",
            "azurerm_resource_group.arg",
            "azurerm_subnet.as1",
            "azurerm_virtual_network.vpc1"
          ]
        }
      ]
    },
    {
      "mode": "managed",
      "type": "azurerm_linux_virtual_machine",
      "name": "vm3",
      "provider": "provider[\"registry.terraform.io/hashicorp/azurerm\"]",
      "instances": [
        {
          "schema_version": 0,
          "attributes": {
            "additional_capabilities": [],
            "admin_password": null,
            "admin_ssh_key": [
              {
                "public_key": "ssh-rsa AAAAB3NzaC1yc2EAAAADAQABAAABgQCwGVMAAKtUMA920oCwAzEKuTqxQF22EvEqkVuVF0Arc1aSXljjw3aQj3XpPFthryYikS1Aqt6yv/7aOFBIzW3SWz64VqqCMeYY4oJ4bOXuhsZ1yGeGpD1ow/58NB6ke+8uNjbMbqKT+0QI99XZTxn7AhDcydAGqdO/jjkUbE+VUC/mCxKCLbWHEJozNvASd+Gw1tKvC6vxMCHbEKa/ltsOfEbNnaVyha5VunfG1krDXfBtarbAMfkaxJcWJjaaElFge6n78GSuble3VPYDddiFJ9cg6oHCDkrDVRGnf+YYOAsDtfP5PH6MNvy0wmuC+bPbbiz2/bgHs4l2jIB2LNHeJDHjSvFS8+jF5+UwjKhjF8QLU49KvC5y/8z1s98cbA4BbPWwqo0Veiqv8H+Pa3uB4QrRsMfCXBmnP5SXin+7qtXtzKuSXEAwGVsu/647QxYSTcRHV56XS6s6HNRCW76jttNEseBqroKKZXvAOVRTPW27lR76c6zK8B/v70qWixk= anto@DESKTOP-31MSIOU\n",
                "username": "tp2"
              }
            ],
            "admin_username": "tp2",
            "allow_extension_operations": true,
            "availability_set_id": "",
            "boot_diagnostics": [],
            "computer_name": "instance-3",
            "custom_data": null,
            "dedicated_host_group_id": "",
            "dedicated_host_id": "",
            "disable_password_authentication": true,
            "edge_zone": "",
            "encryption_at_host_enabled": false,
            "eviction_policy": "",
            "extensions_time_budget": "PT1H30M",
            "id": "/subscriptions/9432f4f4-b485-4f38-ab19-4fa4614c3995/resourceGroups/arg-resources/providers/Microsoft.Compute/virtualMachines/instance-3",
            "identity": [],
            "license_type": "",
            "location": "francecentral",
            "max_bid_price": -1,
            "name": "instance-3",
            "network_interface_ids": [
              "/subscriptions/9432f4f4-b485-4f38-ab19-4fa4614c3995/resourceGroups/arg-resources/providers/Microsoft.Network/networkInterfaces/int3-nic"
            ],
            "os_disk": [
              {
                "caching": "ReadWrite",
                "diff_disk_settings": [],
                "disk_encryption_set_id": "",
                "disk_size_gb": 30,
                "name": "instance-3_OsDisk_1_15829447a7944bd6a70078bbfac23d3a",
                "storage_account_type": "Standard_LRS",
                "write_accelerator_enabled": false
              }
            ],
            "patch_mode": "ImageDefault",
            "plan": [],
            "platform_fault_domain": -1,
            "priority": "Regular",
            "private_ip_address": "10.0.2.4",
            "private_ip_addresses": [
              "10.0.2.4"
            ],
            "provision_vm_agent": true,
            "proximity_placement_group_id": "",
            "public_ip_address": "",
            "public_ip_addresses": [],
            "resource_group_name": "arg-resources",
            "secret": [],
            "secure_boot_enabled": false,
            "size": "Standard_B1ls",
            "source_image_id": "",
            "source_image_reference": [
              {
                "offer": "0001-com-ubuntu-server-focal",
                "publisher": "Canonical",
                "sku": "20_04-lts-gen2",
                "version": "latest"
              }
            ],
            "tags": {},
            "termination_notification": [],
            "timeouts": null,
            "user_data": "",
            "virtual_machine_id": "4abd76ec-f58e-4d0d-8f72-b605a48018d3",
            "virtual_machine_scale_set_id": "",
            "vtpm_enabled": false,
            "zone": ""
          },
          "sensitive_attributes": [],
          "private": "eyJlMmJmYjczMC1lY2FhLTExZTYtOGY4OC0zNDM2M2JjN2M0YzAiOnsiY3JlYXRlIjoyNzAwMDAwMDAwMDAwLCJkZWxldGUiOjI3MDAwMDAwMDAwMDAsInJlYWQiOjMwMDAwMDAwMDAwMCwidXBkYXRlIjoyNzAwMDAwMDAwMDAwfX0=",
          "dependencies": [
            "azurerm_network_interface.vmNic3",
            "azurerm_public_ip.aip3",
            "azurerm_resource_group.arg",
            "azurerm_subnet.as2",
            "azurerm_virtual_network.vpc2"
          ]
        }
      ]
    },
    {
      "mode": "managed",
      "type": "azurerm_network_interface",
      "name": "vmNic1",
      "provider": "provider[\"registry.terraform.io/hashicorp/azurerm\"]",
      "instances": [
        {
          "schema_version": 0,
          "attributes": {
            "applied_dns_servers": [],
            "dns_servers": [],
            "edge_zone": "",
            "enable_accelerated_networking": false,
            "enable_ip_forwarding": false,
            "id": "/subscriptions/9432f4f4-b485-4f38-ab19-4fa4614c3995/resourceGroups/arg-resources/providers/Microsoft.Network/networkInterfaces/int1-nic",
            "internal_dns_name_label": "",
            "internal_domain_name_suffix": "ap01thwulzaejkghr14g112gxf.parx.internal.cloudapp.net",
            "ip_configuration": [
              {
                "gateway_load_balancer_frontend_ip_configuration_id": "",
                "name": "internal",
                "primary": true,
                "private_ip_address": "10.0.1.4",
                "private_ip_address_allocation": "Dynamic",
                "private_ip_address_version": "IPv4",
                "public_ip_address_id": "/subscriptions/9432f4f4-b485-4f38-ab19-4fa4614c3995/resourceGroups/arg-resources/providers/Microsoft.Network/publicIPAddresses/public-ip1",
                "subnet_id": "/subscriptions/9432f4f4-b485-4f38-ab19-4fa4614c3995/resourceGroups/arg-resources/providers/Microsoft.Network/virtualNetworks/vpc1-network/subnets/as-subnet1"
              }
            ],
            "location": "francecentral",
            "mac_address": "00-22-48-38-DC-E6",
            "name": "int1-nic",
            "private_ip_address": "10.0.1.4",
            "private_ip_addresses": [
              "10.0.1.4"
            ],
            "resource_group_name": "arg-resources",
            "tags": {},
            "timeouts": null,
            "virtual_machine_id": "/subscriptions/9432f4f4-b485-4f38-ab19-4fa4614c3995/resourceGroups/arg-resources/providers/Microsoft.Compute/virtualMachines/instance-1"
          },
          "sensitive_attributes": [],
          "private": "eyJlMmJmYjczMC1lY2FhLTExZTYtOGY4OC0zNDM2M2JjN2M0YzAiOnsiY3JlYXRlIjoxODAwMDAwMDAwMDAwLCJkZWxldGUiOjE4MDAwMDAwMDAwMDAsInJlYWQiOjMwMDAwMDAwMDAwMCwidXBkYXRlIjoxODAwMDAwMDAwMDAwfX0=",
          "dependencies": [
            "azurerm_public_ip.aip1",
            "azurerm_resource_group.arg",
            "azurerm_subnet.as1"
          ]
        }
      ]
    },
    {
      "mode": "managed",
      "type": "azurerm_network_interface",
      "name": "vmNic2",
      "provider": "provider[\"registry.terraform.io/hashicorp/azurerm\"]",
      "instances": [
        {
          "schema_version": 0,
          "attributes": {
            "applied_dns_servers": [],
            "dns_servers": [],
            "edge_zone": "",
            "enable_accelerated_networking": false,
            "enable_ip_forwarding": false,
            "id": "/subscriptions/9432f4f4-b485-4f38-ab19-4fa4614c3995/resourceGroups/arg-resources/providers/Microsoft.Network/networkInterfaces/int2-nic",
            "internal_dns_name_label": "",
            "internal_domain_name_suffix": "ap01thwulzaejkghr14g112gxf.parx.internal.cloudapp.net",
            "ip_configuration": [
              {
                "gateway_load_balancer_frontend_ip_configuration_id": "",
                "name": "internal",
                "primary": true,
                "private_ip_address": "10.0.1.5",
                "private_ip_address_allocation": "Dynamic",
                "private_ip_address_version": "IPv4",
                "public_ip_address_id": "/subscriptions/9432f4f4-b485-4f38-ab19-4fa4614c3995/resourceGroups/arg-resources/providers/Microsoft.Network/publicIPAddresses/public-ip2",
                "subnet_id": "/subscriptions/9432f4f4-b485-4f38-ab19-4fa4614c3995/resourceGroups/arg-resources/providers/Microsoft.Network/virtualNetworks/vpc1-network/subnets/as-subnet1"
              }
            ],
            "location": "francecentral",
            "mac_address": "00-22-48-38-DA-AA",
            "name": "int2-nic",
            "private_ip_address": "10.0.1.5",
            "private_ip_addresses": [
              "10.0.1.5"
            ],
            "resource_group_name": "arg-resources",
            "tags": {},
            "timeouts": null,
            "virtual_machine_id": "/subscriptions/9432f4f4-b485-4f38-ab19-4fa4614c3995/resourceGroups/arg-resources/providers/Microsoft.Compute/virtualMachines/instance-2"
          },
          "sensitive_attributes": [],
          "private": "eyJlMmJmYjczMC1lY2FhLTExZTYtOGY4OC0zNDM2M2JjN2M0YzAiOnsiY3JlYXRlIjoxODAwMDAwMDAwMDAwLCJkZWxldGUiOjE4MDAwMDAwMDAwMDAsInJlYWQiOjMwMDAwMDAwMDAwMCwidXBkYXRlIjoxODAwMDAwMDAwMDAwfX0=",
          "dependencies": [
            "azurerm_public_ip.aip2",
            "azurerm_resource_group.arg",
            "azurerm_subnet.as1"
          ]
        }
      ]
    },
    {
      "mode": "managed",
      "type": "azurerm_network_interface",
      "name": "vmNic3",
      "provider": "provider[\"registry.terraform.io/hashicorp/azurerm\"]",
      "instances": [
        {
          "schema_version": 0,
          "attributes": {
            "applied_dns_servers": [],
            "dns_servers": [],
            "edge_zone": "",
            "enable_accelerated_networking": false,
            "enable_ip_forwarding": false,
            "id": "/subscriptions/9432f4f4-b485-4f38-ab19-4fa4614c3995/resourceGroups/arg-resources/providers/Microsoft.Network/networkInterfaces/int3-nic",
            "internal_dns_name_label": "",
            "internal_domain_name_suffix": "f4iak1xu55yermetgorqagpy2a.parx.internal.cloudapp.net",
            "ip_configuration": [
              {
                "gateway_load_balancer_frontend_ip_configuration_id": "",
                "name": "internal",
                "primary": true,
                "private_ip_address": "10.0.2.4",
                "private_ip_address_allocation": "Dynamic",
                "private_ip_address_version": "IPv4",
                "public_ip_address_id": "/subscriptions/9432f4f4-b485-4f38-ab19-4fa4614c3995/resourceGroups/arg-resources/providers/Microsoft.Network/publicIPAddresses/public-ip3",
                "subnet_id": "/subscriptions/9432f4f4-b485-4f38-ab19-4fa4614c3995/resourceGroups/arg-resources/providers/Microsoft.Network/virtualNetworks/vpc2-network/subnets/as-subnet2"
              }
            ],
            "location": "francecentral",
            "mac_address": "00-22-48-38-DB-6F",
            "name": "int3-nic",
            "private_ip_address": "10.0.2.4",
            "private_ip_addresses": [
              "10.0.2.4"
            ],
            "resource_group_name": "arg-resources",
            "tags": {},
            "timeouts": null,
            "virtual_machine_id": "/subscriptions/9432f4f4-b485-4f38-ab19-4fa4614c3995/resourceGroups/arg-resources/providers/Microsoft.Compute/virtualMachines/instance-3"
          },
          "sensitive_attributes": [],
          "private": "eyJlMmJmYjczMC1lY2FhLTExZTYtOGY4OC0zNDM2M2JjN2M0YzAiOnsiY3JlYXRlIjoxODAwMDAwMDAwMDAwLCJkZWxldGUiOjE4MDAwMDAwMDAwMDAsInJlYWQiOjMwMDAwMDAwMDAwMCwidXBkYXRlIjoxODAwMDAwMDAwMDAwfX0=",
          "dependencies": [
            "azurerm_public_ip.aip3",
            "azurerm_resource_group.arg",
            "azurerm_subnet.as2"
          ]
        }
      ]
    },
    {
      "mode": "managed",
      "type": "azurerm_network_security_group",
      "name": "ansg",
      "provider": "provider[\"registry.terraform.io/hashicorp/azurerm\"]",
      "instances": [
        {
          "schema_version": 0,
          "attributes": {
            "id": "/subscriptions/9432f4f4-b485-4f38-ab19-4fa4614c3995/resourceGroups/arg-resources/providers/Microsoft.Network/networkSecurityGroups/ansg-security-group",
            "location": "francecentral",
            "name": "ansg-security-group",
            "resource_group_name": "arg-resources",
            "security_rule": [
              {
                "access": "Allow",
                "description": "",
                "destination_address_prefix": "*",
                "destination_address_prefixes": [],
                "destination_application_security_group_ids": [],
                "destination_port_range": "22",
                "destination_port_ranges": [],
                "direction": "Inbound",
                "name": "rules-network",
                "priority": 100,
                "protocol": "Tcp",
                "source_address_prefix": "*",
                "source_address_prefixes": [],
                "source_application_security_group_ids": [],
                "source_port_range": "*",
                "source_port_ranges": []
              }
            ],
            "tags": {},
            "timeouts": null
          },
          "sensitive_attributes": [],
          "private": "eyJlMmJmYjczMC1lY2FhLTExZTYtOGY4OC0zNDM2M2JjN2M0YzAiOnsiY3JlYXRlIjoxODAwMDAwMDAwMDAwLCJkZWxldGUiOjE4MDAwMDAwMDAwMDAsInJlYWQiOjMwMDAwMDAwMDAwMCwidXBkYXRlIjoxODAwMDAwMDAwMDAwfX0=",
          "dependencies": [
            "azurerm_resource_group.arg"
          ]
        }
      ]
    },
    {
      "mode": "managed",
      "type": "azurerm_network_security_rule",
      "name": "ansgr",
      "provider": "provider[\"registry.terraform.io/hashicorp/azurerm\"]",
      "instances": [
        {
          "schema_version": 0,
          "attributes": {
            "access": "Allow",
            "description": "",
            "destination_address_prefix": "*",
            "destination_address_prefixes": [],
            "destination_application_security_group_ids": [],
            "destination_port_range": "22",
            "destination_port_ranges": [],
            "direction": "Inbound",
            "id": "/subscriptions/9432f4f4-b485-4f38-ab19-4fa4614c3995/resourceGroups/arg-resources/providers/Microsoft.Network/networkSecurityGroups/ansg-security-group/securityRules/rules-network",
            "name": "rules-network",
            "network_security_group_name": "ansg-security-group",
            "priority": 100,
            "protocol": "Tcp",
            "resource_group_name": "arg-resources",
            "source_address_prefix": "*",
            "source_address_prefixes": [],
            "source_application_security_group_ids": [],
            "source_port_range": "*",
            "source_port_ranges": [],
            "timeouts": null
          },
          "sensitive_attributes": [],
          "private": "eyJlMmJmYjczMC1lY2FhLTExZTYtOGY4OC0zNDM2M2JjN2M0YzAiOnsiY3JlYXRlIjoxODAwMDAwMDAwMDAwLCJkZWxldGUiOjE4MDAwMDAwMDAwMDAsInJlYWQiOjMwMDAwMDAwMDAwMCwidXBkYXRlIjoxODAwMDAwMDAwMDAwfX0=",
          "dependencies": [
            "azurerm_network_security_group.ansg",
            "azurerm_resource_group.arg"
          ]
        }
      ]
    },
    {
      "mode": "managed",
      "type": "azurerm_public_ip",
      "name": "aip1",
      "provider": "provider[\"registry.terraform.io/hashicorp/azurerm\"]",
      "instances": [
        {
          "schema_version": 0,
          "attributes": {
            "allocation_method": "Static",
            "domain_name_label": null,
            "edge_zone": "",
            "fqdn": null,
            "id": "/subscriptions/9432f4f4-b485-4f38-ab19-4fa4614c3995/resourceGroups/arg-resources/providers/Microsoft.Network/publicIPAddresses/public-ip1",
            "idle_timeout_in_minutes": 4,
            "ip_address": "20.216.162.156",
            "ip_tags": null,
            "ip_version": "IPv4",
            "location": "francecentral",
            "name": "public-ip1",
            "public_ip_prefix_id": null,
            "resource_group_name": "arg-resources",
            "reverse_fqdn": null,
            "sku": "Basic",
            "sku_tier": "Regional",
            "tags": null,
            "timeouts": null,
            "zones": null
          },
          "sensitive_attributes": [],
          "private": "eyJlMmJmYjczMC1lY2FhLTExZTYtOGY4OC0zNDM2M2JjN2M0YzAiOnsiY3JlYXRlIjoxODAwMDAwMDAwMDAwLCJkZWxldGUiOjE4MDAwMDAwMDAwMDAsInJlYWQiOjMwMDAwMDAwMDAwMCwidXBkYXRlIjoxODAwMDAwMDAwMDAwfX0=",
          "dependencies": [
            "azurerm_resource_group.arg"
          ]
        }
      ]
    },
    {
      "mode": "managed",
      "type": "azurerm_public_ip",
      "name": "aip2",
      "provider": "provider[\"registry.terraform.io/hashicorp/azurerm\"]",
      "instances": [
        {
          "schema_version": 0,
          "attributes": {
            "allocation_method": "Static",
            "domain_name_label": null,
            "edge_zone": "",
            "fqdn": null,
            "id": "/subscriptions/9432f4f4-b485-4f38-ab19-4fa4614c3995/resourceGroups/arg-resources/providers/Microsoft.Network/publicIPAddresses/public-ip2",
            "idle_timeout_in_minutes": 4,
            "ip_address": "20.216.160.117",
            "ip_tags": null,
            "ip_version": "IPv4",
            "location": "francecentral",
            "name": "public-ip2",
            "public_ip_prefix_id": null,
            "resource_group_name": "arg-resources",
            "reverse_fqdn": null,
            "sku": "Basic",
            "sku_tier": "Regional",
            "tags": null,
            "timeouts": null,
            "zones": null
          },
          "sensitive_attributes": [],
          "private": "eyJlMmJmYjczMC1lY2FhLTExZTYtOGY4OC0zNDM2M2JjN2M0YzAiOnsiY3JlYXRlIjoxODAwMDAwMDAwMDAwLCJkZWxldGUiOjE4MDAwMDAwMDAwMDAsInJlYWQiOjMwMDAwMDAwMDAwMCwidXBkYXRlIjoxODAwMDAwMDAwMDAwfX0=",
          "dependencies": [
            "azurerm_resource_group.arg"
          ]
        }
      ]
    },
    {
      "mode": "managed",
      "type": "azurerm_public_ip",
      "name": "aip3",
      "provider": "provider[\"registry.terraform.io/hashicorp/azurerm\"]",
      "instances": [
        {
          "schema_version": 0,
          "attributes": {
            "allocation_method": "Static",
            "domain_name_label": null,
            "edge_zone": "",
            "fqdn": null,
            "id": "/subscriptions/9432f4f4-b485-4f38-ab19-4fa4614c3995/resourceGroups/arg-resources/providers/Microsoft.Network/publicIPAddresses/public-ip3",
            "idle_timeout_in_minutes": 4,
            "ip_address": "20.216.163.166",
            "ip_tags": null,
            "ip_version": "IPv4",
            "location": "francecentral",
            "name": "public-ip3",
            "public_ip_prefix_id": null,
            "resource_group_name": "arg-resources",
            "reverse_fqdn": null,
            "sku": "Basic",
            "sku_tier": "Regional",
            "tags": null,
            "timeouts": null,
            "zones": null
          },
          "sensitive_attributes": [],
          "private": "eyJlMmJmYjczMC1lY2FhLTExZTYtOGY4OC0zNDM2M2JjN2M0YzAiOnsiY3JlYXRlIjoxODAwMDAwMDAwMDAwLCJkZWxldGUiOjE4MDAwMDAwMDAwMDAsInJlYWQiOjMwMDAwMDAwMDAwMCwidXBkYXRlIjoxODAwMDAwMDAwMDAwfX0=",
          "dependencies": [
            "azurerm_resource_group.arg"
          ]
        }
      ]
    },
    {
      "mode": "managed",
      "type": "azurerm_resource_group",
      "name": "arg",
      "provider": "provider[\"registry.terraform.io/hashicorp/azurerm\"]",
      "instances": [
        {
          "schema_version": 0,
          "attributes": {
            "id": "/subscriptions/9432f4f4-b485-4f38-ab19-4fa4614c3995/resourceGroups/arg-resources",
            "location": "francecentral",
            "name": "arg-resources",
            "tags": {},
            "timeouts": null
          },
          "sensitive_attributes": [],
          "private": "eyJlMmJmYjczMC1lY2FhLTExZTYtOGY4OC0zNDM2M2JjN2M0YzAiOnsiY3JlYXRlIjo1NDAwMDAwMDAwMDAwLCJkZWxldGUiOjU0MDAwMDAwMDAwMDAsInJlYWQiOjMwMDAwMDAwMDAwMCwidXBkYXRlIjo1NDAwMDAwMDAwMDAwfX0="
        }
      ]
    },
    {
      "mode": "managed",
      "type": "azurerm_subnet",
      "name": "as1",
      "provider": "provider[\"registry.terraform.io/hashicorp/azurerm\"]",
      "instances": [
        {
          "schema_version": 0,
          "attributes": {
            "address_prefixes": [
              "10.0.1.0/24"
            ],
            "delegation": [],
            "enforce_private_link_endpoint_network_policies": false,
            "enforce_private_link_service_network_policies": false,
            "id": "/subscriptions/9432f4f4-b485-4f38-ab19-4fa4614c3995/resourceGroups/arg-resources/providers/Microsoft.Network/virtualNetworks/vpc1-network/subnets/as-subnet1",
            "name": "as-subnet1",
            "resource_group_name": "arg-resources",
            "service_endpoint_policy_ids": [],
            "service_endpoints": [],
            "timeouts": null,
            "virtual_network_name": "vpc1-network"
          },
          "sensitive_attributes": [],
          "private": "eyJlMmJmYjczMC1lY2FhLTExZTYtOGY4OC0zNDM2M2JjN2M0YzAiOnsiY3JlYXRlIjoxODAwMDAwMDAwMDAwLCJkZWxldGUiOjE4MDAwMDAwMDAwMDAsInJlYWQiOjMwMDAwMDAwMDAwMCwidXBkYXRlIjoxODAwMDAwMDAwMDAwfX0=",
          "dependencies": [
            "azurerm_resource_group.arg",
            "azurerm_virtual_network.vpc1"
          ]
        }
      ]
    },
    {
      "mode": "managed",
      "type": "azurerm_subnet",
      "name": "as2",
      "provider": "provider[\"registry.terraform.io/hashicorp/azurerm\"]",
      "instances": [
        {
          "schema_version": 0,
          "attributes": {
            "address_prefixes": [
              "10.0.2.0/24"
            ],
            "delegation": [],
            "enforce_private_link_endpoint_network_policies": false,
            "enforce_private_link_service_network_policies": false,
            "id": "/subscriptions/9432f4f4-b485-4f38-ab19-4fa4614c3995/resourceGroups/arg-resources/providers/Microsoft.Network/virtualNetworks/vpc2-network/subnets/as-subnet2",
            "name": "as-subnet2",
            "resource_group_name": "arg-resources",
            "service_endpoint_policy_ids": [],
            "service_endpoints": [],
            "timeouts": null,
            "virtual_network_name": "vpc2-network"
          },
          "sensitive_attributes": [],
          "private": "eyJlMmJmYjczMC1lY2FhLTExZTYtOGY4OC0zNDM2M2JjN2M0YzAiOnsiY3JlYXRlIjoxODAwMDAwMDAwMDAwLCJkZWxldGUiOjE4MDAwMDAwMDAwMDAsInJlYWQiOjMwMDAwMDAwMDAwMCwidXBkYXRlIjoxODAwMDAwMDAwMDAwfX0=",
          "dependencies": [
            "azurerm_resource_group.arg",
            "azurerm_virtual_network.vpc2"
          ]
        }
      ]
    },
    {
      "mode": "managed",
      "type": "azurerm_virtual_network",
      "name": "vpc1",
      "provider": "provider[\"registry.terraform.io/hashicorp/azurerm\"]",
      "instances": [
        {
          "schema_version": 0,
          "attributes": {
            "address_space": [
              "10.0.0.0/16"
            ],
            "bgp_community": "",
            "ddos_protection_plan": [],
            "dns_servers": [],
            "edge_zone": "",
            "flow_timeout_in_minutes": 0,
            "guid": "9eb9f503-5ed4-4440-a8c7-8efc6def86bd",
            "id": "/subscriptions/9432f4f4-b485-4f38-ab19-4fa4614c3995/resourceGroups/arg-resources/providers/Microsoft.Network/virtualNetworks/vpc1-network",
            "location": "francecentral",
            "name": "vpc1-network",
            "resource_group_name": "arg-resources",
            "subnet": [
              {
                "address_prefix": "10.0.1.0/24",
                "id": "/subscriptions/9432f4f4-b485-4f38-ab19-4fa4614c3995/resourceGroups/arg-resources/providers/Microsoft.Network/virtualNetworks/vpc1-network/subnets/as-subnet1",
                "name": "as-subnet1",
                "security_group": ""
              }
            ],
            "tags": {},
            "timeouts": null
          },
          "sensitive_attributes": [],
          "private": "eyJlMmJmYjczMC1lY2FhLTExZTYtOGY4OC0zNDM2M2JjN2M0YzAiOnsiY3JlYXRlIjoxODAwMDAwMDAwMDAwLCJkZWxldGUiOjE4MDAwMDAwMDAwMDAsInJlYWQiOjMwMDAwMDAwMDAwMCwidXBkYXRlIjoxODAwMDAwMDAwMDAwfX0=",
          "dependencies": [
            "azurerm_resource_group.arg"
          ]
        }
      ]
    },
    {
      "mode": "managed",
      "type": "azurerm_virtual_network",
      "name": "vpc2",
      "provider": "provider[\"registry.terraform.io/hashicorp/azurerm\"]",
      "instances": [
        {
          "schema_version": 0,
          "attributes": {
            "address_space": [
              "10.0.0.0/16"
            ],
            "bgp_community": "",
            "ddos_protection_plan": [],
            "dns_servers": [],
            "edge_zone": "",
            "flow_timeout_in_minutes": 0,
            "guid": "6e05902f-fff4-48f0-b093-33a30019f8e0",
            "id": "/subscriptions/9432f4f4-b485-4f38-ab19-4fa4614c3995/resourceGroups/arg-resources/providers/Microsoft.Network/virtualNetworks/vpc2-network",
            "location": "francecentral",
            "name": "vpc2-network",
            "resource_group_name": "arg-resources",
            "subnet": [
              {
                "address_prefix": "10.0.2.0/24",
                "id": "/subscriptions/9432f4f4-b485-4f38-ab19-4fa4614c3995/resourceGroups/arg-resources/providers/Microsoft.Network/virtualNetworks/vpc2-network/subnets/as-subnet2",
                "name": "as-subnet2",
                "security_group": ""
              }
            ],
            "tags": {},
            "timeouts": null
          },
          "sensitive_attributes": [],
          "private": "eyJlMmJmYjczMC1lY2FhLTExZTYtOGY4OC0zNDM2M2JjN2M0YzAiOnsiY3JlYXRlIjoxODAwMDAwMDAwMDAwLCJkZWxldGUiOjE4MDAwMDAwMDAwMDAsInJlYWQiOjMwMDAwMDAwMDAwMCwidXBkYXRlIjoxODAwMDAwMDAwMDAwfX0=",
          "dependencies": [
            "azurerm_resource_group.arg"
          ]
        }
      ]
    }
  ],
  "check_results": null
}
